
Microsoft Visual Studio Solution File, Format Version 12.00
# Visual Studio Version 16
VisualStudioVersion = 16.0.32602.291
MinimumVisualStudioVersion = 10.0.40219.1
Project("{FAE04EC0-301F-11D3-BF4B-00C04F79EFBC}") = "ControllerConcept", "ControllerConcept\ControllerConcept.csproj", "{C5155FC5-8BEB-4FDC-AAAA-677320C5E476}"
EndProject
Project("{FAE04EC0-301F-11D3-BF4B-00C04F79EFBC}") = "Emptyproj_Controller_Concept", "Emptyproj_Controller_Concept\Emptyproj_Controller_Concept.csproj", "{F744177A-84D9-4323-9B26-931A1AC2585A}"
EndProject
Global
	GlobalSection(SolutionConfigurationPlatforms) = preSolution
		Debug|Any CPU = Debug|Any CPU
		Release|Any CPU = Release|Any CPU
	EndGlobalSection
	GlobalSection(ProjectConfigurationPlatforms) = postSolution
		{C5155FC5-8BEB-4FDC-AAAA-677320C5E476}.Debug|Any CPU.ActiveCfg = Debug|Any CPU
		{C5155FC5-8BEB-4FDC-AAAA-677320C5E476}.Debug|Any CPU.Build.0 = Debug|Any CPU
		{C5155FC5-8BEB-4FDC-AAAA-677320C5E476}.Release|Any CPU.ActiveCfg = Release|Any CPU
		{C5155FC5-8BEB-4FDC-AAAA-677320C5E476}.Release|Any CPU.Build.0 = Release|Any CPU
		{F744177A-84D9-4323-9B26-931A1AC2585A}.Debug|Any CPU.ActiveCfg = Debug|Any CPU
		{F744177A-84D9-4323-9B26-931A1AC2585A}.Debug|Any CPU.Build.0 = Debug|Any CPU
		{F744177A-84D9-4323-9B26-931A1AC2585A}.Release|Any CPU.ActiveCfg = Release|Any CPU
		{F744177A-84D9-4323-9B26-931A1AC2585A}.Release|Any CPU.Build.0 = Release|Any CPU
	EndGlobalSection
	GlobalSection(SolutionProperties) = preSolution
		HideSolutionNode = FALSE
	EndGlobalSection
	GlobalSection(ExtensibilityGlobals) = postSolution
		SolutionGuid = {C2BD65E4-22A3-424A-B90E-C0A259A80EC9}
	EndGlobalSection
EndGlobal
